{
  "version": 4,
  "terraform_version": "1.3.9",
  "serial": 58,
  "lineage": "3b53ff57-cb91-2fa6-51ab-ed14855c1b7a",
  "outputs": {},
  "resources": [
    {
      "mode": "managed",
      "type": "openstack_compute_floatingip_associate_v2",
      "name": "floating_ip_1",
      "provider": "provider[\"registry.terraform.io/terraform-provider-openstack/openstack\"]",
      "instances": [
        {
          "schema_version": 0,
          "attributes": {
            "fixed_ip": "",
            "floating_ip": "10.72.98.133",
            "id": "10.72.98.133/03cb5772-8d2d-48a7-b20a-dc4302a301e0/",
            "instance_id": "03cb5772-8d2d-48a7-b20a-dc4302a301e0",
            "region": "RegionOne",
            "timeouts": null,
            "wait_until_associated": null
          },
          "sensitive_attributes": [],
          "private": "eyJlMmJmYjczMC1lY2FhLTExZTYtOGY4OC0zNDM2M2JjN2M0YzAiOnsiY3JlYXRlIjo2MDAwMDAwMDAwMDB9fQ==",
          "dependencies": [
            "openstack_compute_instance_v2.instance_1",
            "openstack_compute_secgroup_v2.security_group",
            "openstack_networking_floatingip_v2.floating_ip_1"
          ]
        }
      ]
    },
    {
      "mode": "managed",
      "type": "openstack_compute_instance_v2",
      "name": "instance_1",
      "provider": "provider[\"registry.terraform.io/terraform-provider-openstack/openstack\"]",
      "instances": [
        {
          "schema_version": 0,
          "attributes": {
            "access_ip_v4": "192.168.0.96",
            "access_ip_v6": "",
            "admin_pass": null,
            "all_metadata": {},
            "all_tags": [],
            "availability_zone": "nova",
            "availability_zone_hints": null,
            "block_device": [],
            "config_drive": null,
            "flavor_id": "3522106a-582a-43fe-b688-7dbdca91c6d9",
            "flavor_name": "m1.large",
            "floating_ip": null,
            "force_delete": false,
            "id": "03cb5772-8d2d-48a7-b20a-dc4302a301e0",
            "image_id": "69302656-4c3b-49eb-9ed1-585bb2758595",
            "image_name": "Debian Buster 10.11.1 20211029",
            "key_pair": "osproject",
            "metadata": null,
            "name": "DebbySoho",
            "network": [
              {
                "access_network": false,
                "fixed_ip_v4": "192.168.0.96",
                "fixed_ip_v6": "",
                "floating_ip": "",
                "mac": "fa:16:3e:06:c0:0b",
                "name": "openStack_project_network",
                "port": "",
                "uuid": "e4535eee-3429-4161-bc97-6604ab3bd840"
              }
            ],
            "network_mode": null,
            "personality": [],
            "power_state": "active",
            "region": "RegionOne",
            "scheduler_hints": [],
            "security_groups": [
              "tf_securityMat"
            ],
            "stop_before_destroy": false,
            "tags": null,
            "timeouts": null,
            "user_data": "fb5464920723abb4e0a631fd34a83854c544b00a",
            "vendor_options": [],
            "volume": []
          },
          "sensitive_attributes": [],
          "private": "eyJlMmJmYjczMC1lY2FhLTExZTYtOGY4OC0zNDM2M2JjN2M0YzAiOnsiY3JlYXRlIjoxODAwMDAwMDAwMDAwLCJkZWxldGUiOjE4MDAwMDAwMDAwMDAsInVwZGF0ZSI6MTgwMDAwMDAwMDAwMH19",
          "dependencies": [
            "openstack_compute_secgroup_v2.security_group"
          ]
        }
      ]
    },
    {
      "mode": "managed",
      "type": "openstack_compute_secgroup_v2",
      "name": "security_group",
      "provider": "provider[\"registry.terraform.io/terraform-provider-openstack/openstack\"]",
      "instances": [
        {
          "schema_version": 0,
          "attributes": {
            "description": "Terraform security group",
            "id": "7a701ae6-0201-4f8a-948c-f43fdc14e2b7",
            "name": "tf_securityMat",
            "region": "RegionOne",
            "rule": [
              {
                "cidr": "0.0.0.0/0",
                "from_group_id": "",
                "from_port": 22,
                "id": "b9c1a9e9-c401-4a76-8ee1-a8b698f0ec37",
                "ip_protocol": "tcp",
                "self": false,
                "to_port": 22
              },
              {
                "cidr": "0.0.0.0/0",
                "from_group_id": "",
                "from_port": 8080,
                "id": "abe9e34f-b47a-4fe2-83be-4ac873e0d0ae",
                "ip_protocol": "tcp",
                "self": false,
                "to_port": 8080
              },
              {
                "cidr": "0.0.0.0/0",
                "from_group_id": "",
                "from_port": 8081,
                "id": "d6be1977-c402-4e83-a84d-cb7c578cd3c2",
                "ip_protocol": "tcp",
                "self": false,
                "to_port": 8081
              },
              {
                "cidr": "0.0.0.0/0",
                "from_group_id": "",
                "from_port": 8083,
                "id": "7a009a21-cfc9-4395-bc44-50751fb307f5",
                "ip_protocol": "tcp",
                "self": false,
                "to_port": 8083
              }
            ],
            "timeouts": null
          },
          "sensitive_attributes": [],
          "private": "eyJlMmJmYjczMC1lY2FhLTExZTYtOGY4OC0zNDM2M2JjN2M0YzAiOnsiZGVsZXRlIjo2MDAwMDAwMDAwMDB9fQ=="
        }
      ]
    },
    {
      "mode": "managed",
      "type": "openstack_networking_floatingip_v2",
      "name": "floating_ip_1",
      "provider": "provider[\"registry.terraform.io/terraform-provider-openstack/openstack\"]",
      "instances": [
        {
          "schema_version": 0,
          "attributes": {
            "address": "10.72.98.133",
            "all_tags": [],
            "description": "",
            "dns_domain": "",
            "dns_name": "",
            "fixed_ip": "",
            "id": "7756e31e-c603-44da-bee5-74ea4f001cbc",
            "pool": "cscloud_private_floating",
            "port_id": "",
            "region": "RegionOne",
            "subnet_id": null,
            "tags": null,
            "tenant_id": "e7931d05583f44528dbd387da0f36d0c",
            "timeouts": null,
            "value_specs": null
          },
          "sensitive_attributes": [],
          "private": "eyJlMmJmYjczMC1lY2FhLTExZTYtOGY4OC0zNDM2M2JjN2M0YzAiOnsiY3JlYXRlIjo2MDAwMDAwMDAwMDAsImRlbGV0ZSI6NjAwMDAwMDAwMDAwfX0="
        }
      ]
    }
  ],
  "check_results": null
}
